dependencies:
- name: redis
  repository: https://charts.bitnami.com/bitnami
  version: 17.17.1
- name: dind-daemon
  repository: file://charts/dind-daemon
  version: 0.1.0
- name: litellm-helm
  repository: oci://ghcr.io/berriai
  version: 0.1.615
- name: task-server
  repository: file://charts/task-server
  version: 0.0.1
- name: task-downloader
  repository: file://charts/task-downloader
  version: 0.0.1
- name: scheduler
  repository: file://charts/scheduler
  version: 0.0.1
- name: program-model
  repository: file://charts/program-model
  version: 0.0.1
- name: build-bot
  repository: file://charts/build-bot
  version: 0.0.1
- name: fuzzer-bot
  repository: file://charts/fuzzer-bot
  version: 0.0.1
- name: coverage-bot
  repository: file://charts/coverage-bot
  version: 0.0.1
- name: tracer-bot
  repository: file://charts/tracer-bot
  version: 0.0.1
- name: seed-gen
  repository: file://charts/seed-gen
  version: 0.0.1
- name: patcher
  repository: file://charts/patcher
  version: 0.0.1
- name: competition-api
  repository: file://charts/competition-api
  version: 0.0.1
- name: registry-cache
  repository: file://charts/registry-cache
  version: 0.1.0
- name: pov-reproducer
  repository: file://charts/pov-reproducer
  version: 0.1.0
- name: scratch-cleaner
  repository: file://charts/scratch-cleaner
  version: 0.0.1
- name: ui
  repository: file://charts/ui
  version: 0.1.0
- name: signoz
  repository: https://charts.signoz.io
  version: 0.71.0
digest: sha256:7175e733201e2be1f90820b1515a650edc4afefe4c57cc6fb9978a03bbdf6920
generated: "2025-08-04T14:19:11.272734+02:00"
