version = 1
requires-python = ">=3.8"

[[package]]
name = "async-timeout"
version = "5.0.1"
source = { registry = "https://pypi.org/simple" }
sdist = { url = "https://files.pythonhosted.org/packages/a5/ae/136395dfbfe00dfc94da3f3e136d0b13f394cba8f4841120e34226265780/async_timeout-5.0.1.tar.gz", hash = "sha256:d9321a7a3d5a6a5e187e824d2fa0793ce379a202935782d555d6e9d2735677d3", size = 9274 }
wheels = [
    { url = "https://files.pythonhosted.org/packages/fe/ba/e2081de779ca30d473f21f5b30e0e737c438205440784c7dfc81efc2b029/async_timeout-5.0.1-py3-none-any.whl", hash = "sha256:39e3809566ff85354557ec2398b55e096c8364bacac9405a7a1fa429e77fe76c", size = 6233 },
]

[[package]]
name = "common"
version = "0.1.0"
source = { editable = "." }
dependencies = [
    { name = "protobuf" },
    { name = "redis" },
]

[package.metadata]
requires-dist = [
    { name = "protobuf", specifier = ">=3.20,<=3.20.3" },
    { name = "redis", specifier = ">=5.2.1,<6.0.0" },
]

[[package]]
name = "protobuf"
version = "3.20.3"
source = { registry = "https://pypi.org/simple" }
sdist = { url = "https://files.pythonhosted.org/packages/55/5b/e3d951e34f8356e5feecacd12a8e3b258a1da6d9a03ad1770f28925f29bc/protobuf-3.20.3.tar.gz", hash = "sha256:2e3427429c9cffebf259491be0af70189607f365c2f41c7c3764af6f337105f2", size = 216768 }
wheels = [
    { url = "https://files.pythonhosted.org/packages/28/55/b80e8567ec327c060fa39b242392e25690c8899c489ecd7bb65b46b7bb55/protobuf-3.20.3-cp310-cp310-manylinux2014_aarch64.whl", hash = "sha256:f4bd856d702e5b0d96a00ec6b307b0f51c1982c2bf9c0052cf9019e9a544ba99", size = 918427 },
    { url = "https://files.pythonhosted.org/packages/31/be/80a9c6f16dfa4d41be3edbe655349778ae30882407fa8275eb46b4d34854/protobuf-3.20.3-cp310-cp310-manylinux_2_12_x86_64.manylinux2010_x86_64.whl", hash = "sha256:9aae4406ea63d825636cc11ffb34ad3379335803216ee3a856787bcf5ccc751e", size = 1051042 },
    { url = "https://files.pythonhosted.org/packages/db/96/948d3fcc1fa816e7ae1d27af59b9d8c5c5e582f3994fd14394f31da95b99/protobuf-3.20.3-cp310-cp310-win32.whl", hash = "sha256:28545383d61f55b57cf4df63eebd9827754fd2dc25f80c5253f9184235db242c", size = 780167 },
    { url = "https://files.pythonhosted.org/packages/6f/5e/fc6feb366b0a9f28e0a2de3b062667c521cd9517d4ff55077b8f351ba2f3/protobuf-3.20.3-cp310-cp310-win_amd64.whl", hash = "sha256:67a3598f0a2dcbc58d02dd1928544e7d88f764b47d4a286202913f0b2801c2e7", size = 904029 },
    { url = "https://files.pythonhosted.org/packages/9f/1a/6848ed1669a6c70bf947d25d64ce6dcc65ccec06e917072df516944fa17e/protobuf-3.20.3-cp38-cp38-macosx_10_9_x86_64.whl", hash = "sha256:de78575669dddf6099a8a0f46a27e82a1783c557ccc38ee620ed8cc96d3be7d7", size = 982917 },
    { url = "https://files.pythonhosted.org/packages/b5/b6/ec87636b9381137f17292851461902ceac7632a00476c2afbcd864ed5447/protobuf-3.20.3-cp38-cp38-manylinux2014_aarch64.whl", hash = "sha256:f4c42102bc82a51108e449cbb32b19b180022941c727bac0cfd50170341f16ee", size = 918639 },
    { url = "https://files.pythonhosted.org/packages/da/e4/4d62585593e9f962cb02614534f62f930de6a80a0a3784282094a01919b2/protobuf-3.20.3-cp38-cp38-manylinux_2_5_x86_64.manylinux1_x86_64.whl", hash = "sha256:44246bab5dd4b7fbd3c0c80b6f16686808fab0e4aca819ade6e8d294a29c7050", size = 1019323 },
    { url = "https://files.pythonhosted.org/packages/3c/14/16ef7da61d30a519d84e6841d096fe446c4d8a2c39b083b0376b4785f1f3/protobuf-3.20.3-cp38-cp38-win32.whl", hash = "sha256:c02ce36ec760252242a33967d51c289fd0e1c0e6e5cc9397e2279177716add86", size = 780325 },
    { url = "https://files.pythonhosted.org/packages/32/f8/52f598bceb16fe365f4ef8e957ac8890aeb56abf97d365ff5abd8c1250cf/protobuf-3.20.3-cp38-cp38-win_amd64.whl", hash = "sha256:447d43819997825d4e71bf5769d869b968ce96848b6479397e29fc24c4a5dfe9", size = 904419 },
    { url = "https://files.pythonhosted.org/packages/00/e7/d23c439c55c90ae2e52184363162f7079ca3e7d86205b411d4e9dc266f81/protobuf-3.20.3-cp39-cp39-macosx_10_9_x86_64.whl", hash = "sha256:398a9e0c3eaceb34ec1aee71894ca3299605fa8e761544934378bbc6c97de23b", size = 982826 },
    { url = "https://files.pythonhosted.org/packages/99/25/5825472ecd911f4ac2ac4e9ab039a48b6d03874e2add92fb633e080bf3eb/protobuf-3.20.3-cp39-cp39-manylinux2014_aarch64.whl", hash = "sha256:bf01b5720be110540be4286e791db73f84a2b721072a3711efff6c324cdf074b", size = 918423 },
    { url = "https://files.pythonhosted.org/packages/c7/df/ec3ecb8c940b36121c7b77c10acebf3d1c736498aa2f1fe3b6231ee44e76/protobuf-3.20.3-cp39-cp39-manylinux_2_5_x86_64.manylinux1_x86_64.whl", hash = "sha256:daa564862dd0d39c00f8086f88700fdbe8bc717e993a21e90711acfed02f2402", size = 1019250 },
    { url = "https://files.pythonhosted.org/packages/36/8b/433071fed0058322090a55021bdc8da76d16c7bc9823f5795797803dd6d0/protobuf-3.20.3-cp39-cp39-win32.whl", hash = "sha256:819559cafa1a373b7096a482b504ae8a857c89593cf3a25af743ac9ecbd23480", size = 780270 },
    { url = "https://files.pythonhosted.org/packages/11/a5/e52b731415ad6ef3d841e9e6e337a690249e800cc7c06f0749afab26348c/protobuf-3.20.3-cp39-cp39-win_amd64.whl", hash = "sha256:03038ac1cfbc41aa21f6afcbcd357281d7521b4157926f30ebecc8d4ea59dcb7", size = 904215 },
    { url = "https://files.pythonhosted.org/packages/8d/14/619e24a4c70df2901e1f4dbc50a6291eb63a759172558df326347dce1f0d/protobuf-3.20.3-py2.py3-none-any.whl", hash = "sha256:a7ca6d488aa8ff7f329d4c545b2dbad8ac31464f1d8b1c87ad1346717731e4db", size = 162128 },
]

[[package]]
name = "redis"
version = "5.2.1"
source = { registry = "https://pypi.org/simple" }
dependencies = [
    { name = "async-timeout", marker = "python_full_version < '3.11.3'" },
]
sdist = { url = "https://files.pythonhosted.org/packages/47/da/d283a37303a995cd36f8b92db85135153dc4f7a8e4441aa827721b442cfb/redis-5.2.1.tar.gz", hash = "sha256:16f2e22dff21d5125e8481515e386711a34cbec50f0e44413dd7d9c060a54e0f", size = 4608355 }
wheels = [
    { url = "https://files.pythonhosted.org/packages/3c/5f/fa26b9b2672cbe30e07d9a5bdf39cf16e3b80b42916757c5f92bca88e4ba/redis-5.2.1-py3-none-any.whl", hash = "sha256:ee7e1056b9aea0f04c6c2ed59452947f34c4940ee025f5dd83e6a6418b6989e4", size = 261502 },
]
